
Microsoft Visual Studio Solution File, Format Version 12.00
# Visual Studio 15
VisualStudioVersion = 15.0.27703.2035
MinimumVisualStudioVersion = 10.0.40219.1
Project("{FAE04EC0-301F-11D3-BF4B-00C04F79EFBC}") = "Dotnet.Core.WindowsServices", "Dotnet.Core.WindowsServices\Dotnet.Core.WindowsServices.csproj", "{0B4F9C78-1721-4A92-9B05-1EB8BF40E02E}"
EndProject
Global
	GlobalSection(SolutionConfigurationPlatforms) = preSolution
		Debug|Any CPU = Debug|Any CPU
		Release|Any CPU = Release|Any CPU
	EndGlobalSection
	GlobalSection(ProjectConfigurationPlatforms) = postSolution
		{0B4F9C78-1721-4A92-9B05-1EB8BF40E02E}.Debug|Any CPU.ActiveCfg = Debug|Any CPU
		{0B4F9C78-1721-4A92-9B05-1EB8BF40E02E}.Debug|Any CPU.Build.0 = Debug|Any CPU
		{0B4F9C78-1721-4A92-9B05-1EB8BF40E02E}.Release|Any CPU.ActiveCfg = Release|Any CPU
		{0B4F9C78-1721-4A92-9B05-1EB8BF40E02E}.Release|Any CPU.Build.0 = Release|Any CPU
	EndGlobalSection
	GlobalSection(SolutionProperties) = preSolution
		HideSolutionNode = FALSE
	EndGlobalSection
	GlobalSection(ExtensibilityGlobals) = postSolution
		SolutionGuid = {9DA6D176-EA3C-4E06-8C00-27562F972B09}
	EndGlobalSection
EndGlobal
